
Microsoft Visual Studio Solution File, Format Version 12.00
# Visual Studio Version 17
VisualStudioVersion = 17.3.32825.248
MinimumVisualStudioVersion = 10.0.40219.1
Project("{9A19103F-16F7-4668-BE54-9A1E7A4F7556}") = "WinFormulario", "WinFormulario.csproj", "{88042262-D423-4EE2-B83A-6F5F400D08F0}"
EndProject
Project("{9A19103F-16F7-4668-BE54-9A1E7A4F7556}") = "Libreria", "..\Libreria\Libreria.csproj", "{15EAD764-B67D-4C05-BC41-F5A4D63062EE}"
EndProject
Project("{9A19103F-16F7-4668-BE54-9A1E7A4F7556}") = "ConsoleTest", "..\ConsoleTest\ConsoleTest.csproj", "{B0CB82DF-A52D-4B3F-8F51-B07D16A06D1D}"
EndProject
Global
	GlobalSection(SolutionConfigurationPlatforms) = preSolution
		Debug|Any CPU = Debug|Any CPU
		Release|Any CPU = Release|Any CPU
	EndGlobalSection
	GlobalSection(ProjectConfigurationPlatforms) = postSolution
		{88042262-D423-4EE2-B83A-6F5F400D08F0}.Debug|Any CPU.ActiveCfg = Debug|Any CPU
		{88042262-D423-4EE2-B83A-6F5F400D08F0}.Debug|Any CPU.Build.0 = Debug|Any CPU
		{88042262-D423-4EE2-B83A-6F5F400D08F0}.Release|Any CPU.ActiveCfg = Release|Any CPU
		{88042262-D423-4EE2-B83A-6F5F400D08F0}.Release|Any CPU.Build.0 = Release|Any CPU
		{15EAD764-B67D-4C05-BC41-F5A4D63062EE}.Debug|Any CPU.ActiveCfg = Debug|Any CPU
		{15EAD764-B67D-4C05-BC41-F5A4D63062EE}.Debug|Any CPU.Build.0 = Debug|Any CPU
		{15EAD764-B67D-4C05-BC41-F5A4D63062EE}.Release|Any CPU.ActiveCfg = Release|Any CPU
		{15EAD764-B67D-4C05-BC41-F5A4D63062EE}.Release|Any CPU.Build.0 = Release|Any CPU
		{B0CB82DF-A52D-4B3F-8F51-B07D16A06D1D}.Debug|Any CPU.ActiveCfg = Debug|Any CPU
		{B0CB82DF-A52D-4B3F-8F51-B07D16A06D1D}.Debug|Any CPU.Build.0 = Debug|Any CPU
		{B0CB82DF-A52D-4B3F-8F51-B07D16A06D1D}.Release|Any CPU.ActiveCfg = Release|Any CPU
		{B0CB82DF-A52D-4B3F-8F51-B07D16A06D1D}.Release|Any CPU.Build.0 = Release|Any CPU
	EndGlobalSection
	GlobalSection(SolutionProperties) = preSolution
		HideSolutionNode = FALSE
	EndGlobalSection
	GlobalSection(ExtensibilityGlobals) = postSolution
		SolutionGuid = {3C298E52-10A9-434A-B8DF-21D33B171A88}
	EndGlobalSection
EndGlobal
